
Microsoft Visual Studio Solution File, Format Version 12.00
# Visual Studio 2013
VisualStudioVersion = 12.0.30501.0
MinimumVisualStudioVersion = 10.0.40219.1
Project("{FAE04EC0-301F-11D3-BF4B-00C04F79EFBC}") = "NiosII Simulator", "NiosII Simulator\NiosII Simulator.csproj", "{E6A3BE2E-4A8E-4EBC-82BD-9D86EE0FD283}"
EndProject
Project("{FAE04EC0-301F-11D3-BF4B-00C04F79EFBC}") = "NiosII Simulator.Test", "NiosII Simulator.Test\NiosII Simulator.Test.csproj", "{3F5440B8-95AE-4647-BE53-8DAF90805582}"
EndProject
Project("{FAE04EC0-301F-11D3-BF4B-00C04F79EFBC}") = "NiosII Simulator.Core", "NiosII Simulator.Core\NiosII Simulator.Core.csproj", "{2107D87C-B5FC-41BA-BD8B-0620A148CCB4}"
EndProject
Global
	GlobalSection(SolutionConfigurationPlatforms) = preSolution
		Debug|Any CPU = Debug|Any CPU
		Debug|x86 = Debug|x86
		Release|Any CPU = Release|Any CPU
		Release|x86 = Release|x86
	EndGlobalSection
	GlobalSection(ProjectConfigurationPlatforms) = postSolution
		{E6A3BE2E-4A8E-4EBC-82BD-9D86EE0FD283}.Debug|Any CPU.ActiveCfg = Debug|Any CPU
		{E6A3BE2E-4A8E-4EBC-82BD-9D86EE0FD283}.Debug|Any CPU.Build.0 = Debug|Any CPU
		{E6A3BE2E-4A8E-4EBC-82BD-9D86EE0FD283}.Debug|x86.ActiveCfg = Debug|Any CPU
		{E6A3BE2E-4A8E-4EBC-82BD-9D86EE0FD283}.Release|Any CPU.ActiveCfg = Release|Any CPU
		{E6A3BE2E-4A8E-4EBC-82BD-9D86EE0FD283}.Release|Any CPU.Build.0 = Release|Any CPU
		{E6A3BE2E-4A8E-4EBC-82BD-9D86EE0FD283}.Release|x86.ActiveCfg = Release|Any CPU
		{3F5440B8-95AE-4647-BE53-8DAF90805582}.Debug|Any CPU.ActiveCfg = Debug|Any CPU
		{3F5440B8-95AE-4647-BE53-8DAF90805582}.Debug|Any CPU.Build.0 = Debug|Any CPU
		{3F5440B8-95AE-4647-BE53-8DAF90805582}.Debug|x86.ActiveCfg = Debug|Any CPU
		{3F5440B8-95AE-4647-BE53-8DAF90805582}.Release|Any CPU.ActiveCfg = Release|Any CPU
		{3F5440B8-95AE-4647-BE53-8DAF90805582}.Release|Any CPU.Build.0 = Release|Any CPU
		{3F5440B8-95AE-4647-BE53-8DAF90805582}.Release|x86.ActiveCfg = Release|Any CPU
		{2107D87C-B5FC-41BA-BD8B-0620A148CCB4}.Debug|Any CPU.ActiveCfg = Debug|Any CPU
		{2107D87C-B5FC-41BA-BD8B-0620A148CCB4}.Debug|Any CPU.Build.0 = Debug|Any CPU
		{2107D87C-B5FC-41BA-BD8B-0620A148CCB4}.Debug|x86.ActiveCfg = Debug|Any CPU
		{2107D87C-B5FC-41BA-BD8B-0620A148CCB4}.Release|Any CPU.ActiveCfg = Release|Any CPU
		{2107D87C-B5FC-41BA-BD8B-0620A148CCB4}.Release|Any CPU.Build.0 = Release|Any CPU
		{2107D87C-B5FC-41BA-BD8B-0620A148CCB4}.Release|x86.ActiveCfg = Release|Any CPU
	EndGlobalSection
	GlobalSection(SolutionProperties) = preSolution
		HideSolutionNode = FALSE
	EndGlobalSection
EndGlobal
